
Microsoft Visual Studio Solution File, Format Version 12.00
# Visual Studio Version 17
VisualStudioVersion = 17.7.34031.279
MinimumVisualStudioVersion = 10.0.40219.1
Project("{FAE04EC0-301F-11D3-BF4B-00C04F79EFBC}") = "TicketClient", "TicketClient\TicketClient.csproj", "{C83ACBA6-7FEE-48C3-BB5F-4EAD02725F1E}"
EndProject
Global
	GlobalSection(SolutionConfigurationPlatforms) = preSolution
		Debug|Any CPU = Debug|Any CPU
		Release|Any CPU = Release|Any CPU
	EndGlobalSection
	GlobalSection(ProjectConfigurationPlatforms) = postSolution
		{C83ACBA6-7FEE-48C3-BB5F-4EAD02725F1E}.Debug|Any CPU.ActiveCfg = Debug|Any CPU
		{C83ACBA6-7FEE-48C3-BB5F-4EAD02725F1E}.Debug|Any CPU.Build.0 = Debug|Any CPU
		{C83ACBA6-7FEE-48C3-BB5F-4EAD02725F1E}.Release|Any CPU.ActiveCfg = Release|Any CPU
		{C83ACBA6-7FEE-48C3-BB5F-4EAD02725F1E}.Release|Any CPU.Build.0 = Release|Any CPU
	EndGlobalSection
	GlobalSection(SolutionProperties) = preSolution
		HideSolutionNode = FALSE
	EndGlobalSection
	GlobalSection(ExtensibilityGlobals) = postSolution
		SolutionGuid = {0972472A-6159-4AAD-9CE9-043EE162B46E}
	EndGlobalSection
EndGlobal
